{
  "name": "ajs_3_node",
  "version": "1.0.0",
  "lockfileVersion": 1,
  "requires": true,
  "dependencies": {
    "@cherry-pynya/netology_ajs_homeworl_3": {
      "version": "1.0.0",
      "resolved": "https://npm.pkg.github.com/download/@cherry-pynya/netology_ajs_homeworl_3/1.0.0/94c386cff8ab081abcc9eec6f2654cd2b2d38dd0ece0466c01778537f75e2432",
      "integrity": "sha512-yneGSM2S92DCjXEkRH3Jhmhwauy6nsvzdshPhPfwbbqPZ6bgmCwhChIs7uobs8X3XV/m43CG9sml6Lio+ra7iQ=="
    }
  }
}
